
Microsoft Visual Studio Solution File, Format Version 12.00
# Visual Studio 15
VisualStudioVersion = 15.0.27004.2005
MinimumVisualStudioVersion = 10.0.40219.1
Project("{FAE04EC0-301F-11D3-BF4B-00C04F79EFBC}") = "HSE_Event.Android", "HSE Event\HSE_Event.Android\HSE_Event.Android.csproj", "{D61634F1-D336-40E5-A2EF-32A144F4B925}"
EndProject
Project("{FAE04EC0-301F-11D3-BF4B-00C04F79EFBC}") = "HSE_Event", "HSE Event\HSE_Event\HSE_Event.csproj", "{3AA2CD18-AC55-4C97-8596-3D4F4CC6F2F9}"
EndProject
Project("{FAE04EC0-301F-11D3-BF4B-00C04F79EFBC}") = "HSE_Event.UWP", "HSE Event\HSE_Event.UWP\HSE_Event.UWP.csproj", "{62B12BB9-219B-4DE8-AE5C-2026931DE040}"
EndProject
Project("{FAE04EC0-301F-11D3-BF4B-00C04F79EFBC}") = "HSE_Event.iOS", "HSE Event\HSE_Event.iOS\HSE_Event.iOS.csproj", "{5252A637-CCFB-4ED2-A51D-975DE68E133F}"
EndProject
Global
	GlobalSection(SolutionConfigurationPlatforms) = preSolution
		Ad-Hoc|Any CPU = Ad-Hoc|Any CPU
		Ad-Hoc|ARM = Ad-Hoc|ARM
		Ad-Hoc|iPhone = Ad-Hoc|iPhone
		Ad-Hoc|iPhoneSimulator = Ad-Hoc|iPhoneSimulator
		Ad-Hoc|x64 = Ad-Hoc|x64
		Ad-Hoc|x86 = Ad-Hoc|x86
		AppStore|Any CPU = AppStore|Any CPU
		AppStore|ARM = AppStore|ARM
		AppStore|iPhone = AppStore|iPhone
		AppStore|iPhoneSimulator = AppStore|iPhoneSimulator
		AppStore|x64 = AppStore|x64
		AppStore|x86 = AppStore|x86
		Debug|Any CPU = Debug|Any CPU
		Debug|ARM = Debug|ARM
		Debug|iPhone = Debug|iPhone
		Debug|iPhoneSimulator = Debug|iPhoneSimulator
		Debug|x64 = Debug|x64
		Debug|x86 = Debug|x86
		Release|Any CPU = Release|Any CPU
		Release|ARM = Release|ARM
		Release|iPhone = Release|iPhone
		Release|iPhoneSimulator = Release|iPhoneSimulator
		Release|x64 = Release|x64
		Release|x86 = Release|x86
	EndGlobalSection
	GlobalSection(ProjectConfigurationPlatforms) = postSolution
		{D61634F1-D336-40E5-A2EF-32A144F4B925}.Ad-Hoc|Any CPU.ActiveCfg = Release|Any CPU
		{D61634F1-D336-40E5-A2EF-32A144F4B925}.Ad-Hoc|Any CPU.Build.0 = Release|Any CPU
		{D61634F1-D336-40E5-A2EF-32A144F4B925}.Ad-Hoc|Any CPU.Deploy.0 = Release|Any CPU
		{D61634F1-D336-40E5-A2EF-32A144F4B925}.Ad-Hoc|ARM.ActiveCfg = Release|Any CPU
		{D61634F1-D336-40E5-A2EF-32A144F4B925}.Ad-Hoc|ARM.Build.0 = Release|Any CPU
		{D61634F1-D336-40E5-A2EF-32A144F4B925}.Ad-Hoc|ARM.Deploy.0 = Release|Any CPU
		{D61634F1-D336-40E5-A2EF-32A144F4B925}.Ad-Hoc|iPhone.ActiveCfg = Release|Any CPU
		{D61634F1-D336-40E5-A2EF-32A144F4B925}.Ad-Hoc|iPhone.Build.0 = Release|Any CPU
		{D61634F1-D336-40E5-A2EF-32A144F4B925}.Ad-Hoc|iPhone.Deploy.0 = Release|Any CPU
		{D61634F1-D336-40E5-A2EF-32A144F4B925}.Ad-Hoc|iPhoneSimulator.ActiveCfg = Release|Any CPU
		{D61634F1-D336-40E5-A2EF-32A144F4B925}.Ad-Hoc|iPhoneSimulator.Build.0 = Release|Any CPU
		{D61634F1-D336-40E5-A2EF-32A144F4B925}.Ad-Hoc|iPhoneSimulator.Deploy.0 = Release|Any CPU
		{D61634F1-D336-40E5-A2EF-32A144F4B925}.Ad-Hoc|x64.ActiveCfg = Release|Any CPU
		{D61634F1-D336-40E5-A2EF-32A144F4B925}.Ad-Hoc|x64.Build.0 = Release|Any CPU
		{D61634F1-D336-40E5-A2EF-32A144F4B925}.Ad-Hoc|x64.Deploy.0 = Release|Any CPU
		{D61634F1-D336-40E5-A2EF-32A144F4B925}.Ad-Hoc|x86.ActiveCfg = Release|Any CPU
		{D61634F1-D336-40E5-A2EF-32A144F4B925}.Ad-Hoc|x86.Build.0 = Release|Any CPU
		{D61634F1-D336-40E5-A2EF-32A144F4B925}.Ad-Hoc|x86.Deploy.0 = Release|Any CPU
		{D61634F1-D336-40E5-A2EF-32A144F4B925}.AppStore|Any CPU.ActiveCfg = Release|Any CPU
		{D61634F1-D336-40E5-A2EF-32A144F4B925}.AppStore|Any CPU.Build.0 = Release|Any CPU
		{D61634F1-D336-40E5-A2EF-32A144F4B925}.AppStore|Any CPU.Deploy.0 = Release|Any CPU
		{D61634F1-D336-40E5-A2EF-32A144F4B925}.AppStore|ARM.ActiveCfg = Release|Any CPU
		{D61634F1-D336-40E5-A2EF-32A144F4B925}.AppStore|ARM.Build.0 = Release|Any CPU
		{D61634F1-D336-40E5-A2EF-32A144F4B925}.AppStore|ARM.Deploy.0 = Release|Any CPU
		{D61634F1-D336-40E5-A2EF-32A144F4B925}.AppStore|iPhone.ActiveCfg = Release|Any CPU
		{D61634F1-D336-40E5-A2EF-32A144F4B925}.AppStore|iPhone.Build.0 = Release|Any CPU
		{D61634F1-D336-40E5-A2EF-32A144F4B925}.AppStore|iPhone.Deploy.0 = Release|Any CPU
		{D61634F1-D336-40E5-A2EF-32A144F4B925}.AppStore|iPhoneSimulator.ActiveCfg = Release|Any CPU
		{D61634F1-D336-40E5-A2EF-32A144F4B925}.AppStore|iPhoneSimulator.Build.0 = Release|Any CPU
		{D61634F1-D336-40E5-A2EF-32A144F4B925}.AppStore|iPhoneSimulator.Deploy.0 = Release|Any CPU
		{D61634F1-D336-40E5-A2EF-32A144F4B925}.AppStore|x64.ActiveCfg = Release|Any CPU
		{D61634F1-D336-40E5-A2EF-32A144F4B925}.AppStore|x64.Build.0 = Release|Any CPU
		{D61634F1-D336-40E5-A2EF-32A144F4B925}.AppStore|x64.Deploy.0 = Release|Any CPU
		{D61634F1-D336-40E5-A2EF-32A144F4B925}.AppStore|x86.ActiveCfg = Release|Any CPU
		{D61634F1-D336-40E5-A2EF-32A144F4B925}.AppStore|x86.Build.0 = Release|Any CPU
		{D61634F1-D336-40E5-A2EF-32A144F4B925}.AppStore|x86.Deploy.0 = Release|Any CPU
		{D61634F1-D336-40E5-A2EF-32A144F4B925}.Debug|Any CPU.ActiveCfg = Debug|Any CPU
		{D61634F1-D336-40E5-A2EF-32A144F4B925}.Debug|Any CPU.Build.0 = Debug|Any CPU
		{D61634F1-D336-40E5-A2EF-32A144F4B925}.Debug|Any CPU.Deploy.0 = Debug|Any CPU
		{D61634F1-D336-40E5-A2EF-32A144F4B925}.Debug|ARM.ActiveCfg = Debug|Any CPU
		{D61634F1-D336-40E5-A2EF-32A144F4B925}.Debug|ARM.Build.0 = Debug|Any CPU
		{D61634F1-D336-40E5-A2EF-32A144F4B925}.Debug|ARM.Deploy.0 = Debug|Any CPU
		{D61634F1-D336-40E5-A2EF-32A144F4B925}.Debug|iPhone.ActiveCfg = Debug|Any CPU
		{D61634F1-D336-40E5-A2EF-32A144F4B925}.Debug|iPhone.Build.0 = Debug|Any CPU
		{D61634F1-D336-40E5-A2EF-32A144F4B925}.Debug|iPhone.Deploy.0 = Debug|Any CPU
		{D61634F1-D336-40E5-A2EF-32A144F4B925}.Debug|iPhoneSimulator.ActiveCfg = Debug|Any CPU
		{D61634F1-D336-40E5-A2EF-32A144F4B925}.Debug|iPhoneSimulator.Build.0 = Debug|Any CPU
		{D61634F1-D336-40E5-A2EF-32A144F4B925}.Debug|iPhoneSimulator.Deploy.0 = Debug|Any CPU
		{D61634F1-D336-40E5-A2EF-32A144F4B925}.Debug|x64.ActiveCfg = Debug|Any CPU
		{D61634F1-D336-40E5-A2EF-32A144F4B925}.Debug|x64.Build.0 = Debug|Any CPU
		{D61634F1-D336-40E5-A2EF-32A144F4B925}.Debug|x64.Deploy.0 = Debug|Any CPU
		{D61634F1-D336-40E5-A2EF-32A144F4B925}.Debug|x86.ActiveCfg = Debug|Any CPU
		{D61634F1-D336-40E5-A2EF-32A144F4B925}.Debug|x86.Build.0 = Debug|Any CPU
		{D61634F1-D336-40E5-A2EF-32A144F4B925}.Debug|x86.Deploy.0 = Debug|Any CPU
		{D61634F1-D336-40E5-A2EF-32A144F4B925}.Release|Any CPU.ActiveCfg = Release|Any CPU
		{D61634F1-D336-40E5-A2EF-32A144F4B925}.Release|Any CPU.Build.0 = Release|Any CPU
		{D61634F1-D336-40E5-A2EF-32A144F4B925}.Release|Any CPU.Deploy.0 = Release|Any CPU
		{D61634F1-D336-40E5-A2EF-32A144F4B925}.Release|ARM.ActiveCfg = Release|Any CPU
		{D61634F1-D336-40E5-A2EF-32A144F4B925}.Release|ARM.Build.0 = Release|Any CPU
		{D61634F1-D336-40E5-A2EF-32A144F4B925}.Release|ARM.Deploy.0 = Release|Any CPU
		{D61634F1-D336-40E5-A2EF-32A144F4B925}.Release|iPhone.ActiveCfg = Release|Any CPU
		{D61634F1-D336-40E5-A2EF-32A144F4B925}.Release|iPhone.Build.0 = Release|Any CPU
		{D61634F1-D336-40E5-A2EF-32A144F4B925}.Release|iPhone.Deploy.0 = Release|Any CPU
		{D61634F1-D336-40E5-A2EF-32A144F4B925}.Release|iPhoneSimulator.ActiveCfg = Release|Any CPU
		{D61634F1-D336-40E5-A2EF-32A144F4B925}.Release|iPhoneSimulator.Build.0 = Release|Any CPU
		{D61634F1-D336-40E5-A2EF-32A144F4B925}.Release|iPhoneSimulator.Deploy.0 = Release|Any CPU
		{D61634F1-D336-40E5-A2EF-32A144F4B925}.Release|x64.ActiveCfg = Release|Any CPU
		{D61634F1-D336-40E5-A2EF-32A144F4B925}.Release|x64.Build.0 = Release|Any CPU
		{D61634F1-D336-40E5-A2EF-32A144F4B925}.Release|x64.Deploy.0 = Release|Any CPU
		{D61634F1-D336-40E5-A2EF-32A144F4B925}.Release|x86.ActiveCfg = Release|Any CPU
		{D61634F1-D336-40E5-A2EF-32A144F4B925}.Release|x86.Build.0 = Release|Any CPU
		{D61634F1-D336-40E5-A2EF-32A144F4B925}.Release|x86.Deploy.0 = Release|Any CPU
		{3AA2CD18-AC55-4C97-8596-3D4F4CC6F2F9}.Ad-Hoc|Any CPU.ActiveCfg = Release|Any CPU
		{3AA2CD18-AC55-4C97-8596-3D4F4CC6F2F9}.Ad-Hoc|Any CPU.Build.0 = Release|Any CPU
		{3AA2CD18-AC55-4C97-8596-3D4F4CC6F2F9}.Ad-Hoc|ARM.ActiveCfg = Release|Any CPU
		{3AA2CD18-AC55-4C97-8596-3D4F4CC6F2F9}.Ad-Hoc|ARM.Build.0 = Release|Any CPU
		{3AA2CD18-AC55-4C97-8596-3D4F4CC6F2F9}.Ad-Hoc|iPhone.ActiveCfg = Release|Any CPU
		{3AA2CD18-AC55-4C97-8596-3D4F4CC6F2F9}.Ad-Hoc|iPhone.Build.0 = Release|Any CPU
		{3AA2CD18-AC55-4C97-8596-3D4F4CC6F2F9}.Ad-Hoc|iPhoneSimulator.ActiveCfg = Release|Any CPU
		{3AA2CD18-AC55-4C97-8596-3D4F4CC6F2F9}.Ad-Hoc|iPhoneSimulator.Build.0 = Release|Any CPU
		{3AA2CD18-AC55-4C97-8596-3D4F4CC6F2F9}.Ad-Hoc|x64.ActiveCfg = Release|Any CPU
		{3AA2CD18-AC55-4C97-8596-3D4F4CC6F2F9}.Ad-Hoc|x64.Build.0 = Release|Any CPU
		{3AA2CD18-AC55-4C97-8596-3D4F4CC6F2F9}.Ad-Hoc|x86.ActiveCfg = Release|Any CPU
		{3AA2CD18-AC55-4C97-8596-3D4F4CC6F2F9}.Ad-Hoc|x86.Build.0 = Release|Any CPU
		{3AA2CD18-AC55-4C97-8596-3D4F4CC6F2F9}.AppStore|Any CPU.ActiveCfg = Release|Any CPU
		{3AA2CD18-AC55-4C97-8596-3D4F4CC6F2F9}.AppStore|Any CPU.Build.0 = Release|Any CPU
		{3AA2CD18-AC55-4C97-8596-3D4F4CC6F2F9}.AppStore|ARM.ActiveCfg = Release|Any CPU
		{3AA2CD18-AC55-4C97-8596-3D4F4CC6F2F9}.AppStore|ARM.Build.0 = Release|Any CPU
		{3AA2CD18-AC55-4C97-8596-3D4F4CC6F2F9}.AppStore|iPhone.ActiveCfg = Release|Any CPU
		{3AA2CD18-AC55-4C97-8596-3D4F4CC6F2F9}.AppStore|iPhone.Build.0 = Release|Any CPU
		{3AA2CD18-AC55-4C97-8596-3D4F4CC6F2F9}.AppStore|iPhoneSimulator.ActiveCfg = Release|Any CPU
		{3AA2CD18-AC55-4C97-8596-3D4F4CC6F2F9}.AppStore|iPhoneSimulator.Build.0 = Release|Any CPU
		{3AA2CD18-AC55-4C97-8596-3D4F4CC6F2F9}.AppStore|x64.ActiveCfg = Release|Any CPU
		{3AA2CD18-AC55-4C97-8596-3D4F4CC6F2F9}.AppStore|x64.Build.0 = Release|Any CPU
		{3AA2CD18-AC55-4C97-8596-3D4F4CC6F2F9}.AppStore|x86.ActiveCfg = Release|Any CPU
		{3AA2CD18-AC55-4C97-8596-3D4F4CC6F2F9}.AppStore|x86.Build.0 = Release|Any CPU
		{3AA2CD18-AC55-4C97-8596-3D4F4CC6F2F9}.Debug|Any CPU.ActiveCfg = Debug|Any CPU
		{3AA2CD18-AC55-4C97-8596-3D4F4CC6F2F9}.Debug|Any CPU.Build.0 = Debug|Any CPU
		{3AA2CD18-AC55-4C97-8596-3D4F4CC6F2F9}.Debug|ARM.ActiveCfg = Debug|Any CPU
		{3AA2CD18-AC55-4C97-8596-3D4F4CC6F2F9}.Debug|ARM.Build.0 = Debug|Any CPU
		{3AA2CD18-AC55-4C97-8596-3D4F4CC6F2F9}.Debug|iPhone.ActiveCfg = Debug|Any CPU
		{3AA2CD18-AC55-4C97-8596-3D4F4CC6F2F9}.Debug|iPhone.Build.0 = Debug|Any CPU
		{3AA2CD18-AC55-4C97-8596-3D4F4CC6F2F9}.Debug|iPhoneSimulator.ActiveCfg = Debug|Any CPU
		{3AA2CD18-AC55-4C97-8596-3D4F4CC6F2F9}.Debug|iPhoneSimulator.Build.0 = Debug|Any CPU
		{3AA2CD18-AC55-4C97-8596-3D4F4CC6F2F9}.Debug|x64.ActiveCfg = Debug|Any CPU
		{3AA2CD18-AC55-4C97-8596-3D4F4CC6F2F9}.Debug|x64.Build.0 = Debug|Any CPU
		{3AA2CD18-AC55-4C97-8596-3D4F4CC6F2F9}.Debug|x86.ActiveCfg = Debug|Any CPU
		{3AA2CD18-AC55-4C97-8596-3D4F4CC6F2F9}.Debug|x86.Build.0 = Debug|Any CPU
		{3AA2CD18-AC55-4C97-8596-3D4F4CC6F2F9}.Release|Any CPU.ActiveCfg = Release|Any CPU
		{3AA2CD18-AC55-4C97-8596-3D4F4CC6F2F9}.Release|Any CPU.Build.0 = Release|Any CPU
		{3AA2CD18-AC55-4C97-8596-3D4F4CC6F2F9}.Release|ARM.ActiveCfg = Release|Any CPU
		{3AA2CD18-AC55-4C97-8596-3D4F4CC6F2F9}.Release|ARM.Build.0 = Release|Any CPU
		{3AA2CD18-AC55-4C97-8596-3D4F4CC6F2F9}.Release|iPhone.ActiveCfg = Release|Any CPU
		{3AA2CD18-AC55-4C97-8596-3D4F4CC6F2F9}.Release|iPhone.Build.0 = Release|Any CPU
		{3AA2CD18-AC55-4C97-8596-3D4F4CC6F2F9}.Release|iPhoneSimulator.ActiveCfg = Release|Any CPU
		{3AA2CD18-AC55-4C97-8596-3D4F4CC6F2F9}.Release|iPhoneSimulator.Build.0 = Release|Any CPU
		{3AA2CD18-AC55-4C97-8596-3D4F4CC6F2F9}.Release|x64.ActiveCfg = Release|Any CPU
		{3AA2CD18-AC55-4C97-8596-3D4F4CC6F2F9}.Release|x64.Build.0 = Release|Any CPU
		{3AA2CD18-AC55-4C97-8596-3D4F4CC6F2F9}.Release|x86.ActiveCfg = Release|Any CPU
		{3AA2CD18-AC55-4C97-8596-3D4F4CC6F2F9}.Release|x86.Build.0 = Release|Any CPU
		{62B12BB9-219B-4DE8-AE5C-2026931DE040}.Ad-Hoc|Any CPU.ActiveCfg = Release|x86
		{62B12BB9-219B-4DE8-AE5C-2026931DE040}.Ad-Hoc|Any CPU.Build.0 = Release|x86
		{62B12BB9-219B-4DE8-AE5C-2026931DE040}.Ad-Hoc|Any CPU.Deploy.0 = Release|x86
		{62B12BB9-219B-4DE8-AE5C-2026931DE040}.Ad-Hoc|ARM.ActiveCfg = Release|ARM
		{62B12BB9-219B-4DE8-AE5C-2026931DE040}.Ad-Hoc|ARM.Build.0 = Release|ARM
		{62B12BB9-219B-4DE8-AE5C-2026931DE040}.Ad-Hoc|ARM.Deploy.0 = Release|ARM
		{62B12BB9-219B-4DE8-AE5C-2026931DE040}.Ad-Hoc|iPhone.ActiveCfg = Release|x86
		{62B12BB9-219B-4DE8-AE5C-2026931DE040}.Ad-Hoc|iPhone.Build.0 = Release|x86
		{62B12BB9-219B-4DE8-AE5C-2026931DE040}.Ad-Hoc|iPhone.Deploy.0 = Release|x86
		{62B12BB9-219B-4DE8-AE5C-2026931DE040}.Ad-Hoc|iPhoneSimulator.ActiveCfg = Release|x86
		{62B12BB9-219B-4DE8-AE5C-2026931DE040}.Ad-Hoc|iPhoneSimulator.Build.0 = Release|x86
		{62B12BB9-219B-4DE8-AE5C-2026931DE040}.Ad-Hoc|iPhoneSimulator.Deploy.0 = Release|x86
		{62B12BB9-219B-4DE8-AE5C-2026931DE040}.Ad-Hoc|x64.ActiveCfg = Release|x64
		{62B12BB9-219B-4DE8-AE5C-2026931DE040}.Ad-Hoc|x64.Build.0 = Release|x64
		{62B12BB9-219B-4DE8-AE5C-2026931DE040}.Ad-Hoc|x64.Deploy.0 = Release|x64
		{62B12BB9-219B-4DE8-AE5C-2026931DE040}.Ad-Hoc|x86.ActiveCfg = Release|x86
		{62B12BB9-219B-4DE8-AE5C-2026931DE040}.Ad-Hoc|x86.Build.0 = Release|x86
		{62B12BB9-219B-4DE8-AE5C-2026931DE040}.Ad-Hoc|x86.Deploy.0 = Release|x86
		{62B12BB9-219B-4DE8-AE5C-2026931DE040}.AppStore|Any CPU.ActiveCfg = Release|x86
		{62B12BB9-219B-4DE8-AE5C-2026931DE040}.AppStore|Any CPU.Build.0 = Release|x86
		{62B12BB9-219B-4DE8-AE5C-2026931DE040}.AppStore|Any CPU.Deploy.0 = Release|x86
		{62B12BB9-219B-4DE8-AE5C-2026931DE040}.AppStore|ARM.ActiveCfg = Release|ARM
		{62B12BB9-219B-4DE8-AE5C-2026931DE040}.AppStore|ARM.Build.0 = Release|ARM
		{62B12BB9-219B-4DE8-AE5C-2026931DE040}.AppStore|ARM.Deploy.0 = Release|ARM
		{62B12BB9-219B-4DE8-AE5C-2026931DE040}.AppStore|iPhone.ActiveCfg = Release|x86
		{62B12BB9-219B-4DE8-AE5C-2026931DE040}.AppStore|iPhone.Build.0 = Release|x86
		{62B12BB9-219B-4DE8-AE5C-2026931DE040}.AppStore|iPhone.Deploy.0 = Release|x86
		{62B12BB9-219B-4DE8-AE5C-2026931DE040}.AppStore|iPhoneSimulator.ActiveCfg = Release|x86
		{62B12BB9-219B-4DE8-AE5C-2026931DE040}.AppStore|iPhoneSimulator.Build.0 = Release|x86
		{62B12BB9-219B-4DE8-AE5C-2026931DE040}.AppStore|iPhoneSimulator.Deploy.0 = Release|x86
		{62B12BB9-219B-4DE8-AE5C-2026931DE040}.AppStore|x64.ActiveCfg = Release|x64
		{62B12BB9-219B-4DE8-AE5C-2026931DE040}.AppStore|x64.Build.0 = Release|x64
		{62B12BB9-219B-4DE8-AE5C-2026931DE040}.AppStore|x64.Deploy.0 = Release|x64
		{62B12BB9-219B-4DE8-AE5C-2026931DE040}.AppStore|x86.ActiveCfg = Release|x86
		{62B12BB9-219B-4DE8-AE5C-2026931DE040}.AppStore|x86.Build.0 = Release|x86
		{62B12BB9-219B-4DE8-AE5C-2026931DE040}.AppStore|x86.Deploy.0 = Release|x86
		{62B12BB9-219B-4DE8-AE5C-2026931DE040}.Debug|Any CPU.ActiveCfg = Debug|x86
		{62B12BB9-219B-4DE8-AE5C-2026931DE040}.Debug|ARM.ActiveCfg = Debug|ARM
		{62B12BB9-219B-4DE8-AE5C-2026931DE040}.Debug|ARM.Build.0 = Debug|ARM
		{62B12BB9-219B-4DE8-AE5C-2026931DE040}.Debug|ARM.Deploy.0 = Debug|ARM
		{62B12BB9-219B-4DE8-AE5C-2026931DE040}.Debug|iPhone.ActiveCfg = Debug|x86
		{62B12BB9-219B-4DE8-AE5C-2026931DE040}.Debug|iPhoneSimulator.ActiveCfg = Debug|x86
		{62B12BB9-219B-4DE8-AE5C-2026931DE040}.Debug|x64.ActiveCfg = Debug|x64
		{62B12BB9-219B-4DE8-AE5C-2026931DE040}.Debug|x64.Build.0 = Debug|x64
		{62B12BB9-219B-4DE8-AE5C-2026931DE040}.Debug|x64.Deploy.0 = Debug|x64
		{62B12BB9-219B-4DE8-AE5C-2026931DE040}.Debug|x86.ActiveCfg = Debug|x86
		{62B12BB9-219B-4DE8-AE5C-2026931DE040}.Debug|x86.Build.0 = Debug|x86
		{62B12BB9-219B-4DE8-AE5C-2026931DE040}.Debug|x86.Deploy.0 = Debug|x86
		{62B12BB9-219B-4DE8-AE5C-2026931DE040}.Release|Any CPU.ActiveCfg = Release|x86
		{62B12BB9-219B-4DE8-AE5C-2026931DE040}.Release|ARM.ActiveCfg = Release|ARM
		{62B12BB9-219B-4DE8-AE5C-2026931DE040}.Release|ARM.Build.0 = Release|ARM
		{62B12BB9-219B-4DE8-AE5C-2026931DE040}.Release|ARM.Deploy.0 = Release|ARM
		{62B12BB9-219B-4DE8-AE5C-2026931DE040}.Release|iPhone.ActiveCfg = Release|x86
		{62B12BB9-219B-4DE8-AE5C-2026931DE040}.Release|iPhoneSimulator.ActiveCfg = Release|x86
		{62B12BB9-219B-4DE8-AE5C-2026931DE040}.Release|x64.ActiveCfg = Release|x64
		{62B12BB9-219B-4DE8-AE5C-2026931DE040}.Release|x64.Build.0 = Release|x64
		{62B12BB9-219B-4DE8-AE5C-2026931DE040}.Release|x64.Deploy.0 = Release|x64
		{62B12BB9-219B-4DE8-AE5C-2026931DE040}.Release|x86.ActiveCfg = Release|x86
		{62B12BB9-219B-4DE8-AE5C-2026931DE040}.Release|x86.Build.0 = Release|x86
		{62B12BB9-219B-4DE8-AE5C-2026931DE040}.Release|x86.Deploy.0 = Release|x86
		{5252A637-CCFB-4ED2-A51D-975DE68E133F}.Ad-Hoc|Any CPU.ActiveCfg = Ad-Hoc|iPhoneSimulator
		{5252A637-CCFB-4ED2-A51D-975DE68E133F}.Ad-Hoc|ARM.ActiveCfg = Ad-Hoc|iPhone
		{5252A637-CCFB-4ED2-A51D-975DE68E133F}.Ad-Hoc|iPhone.ActiveCfg = Ad-Hoc|iPhone
		{5252A637-CCFB-4ED2-A51D-975DE68E133F}.Ad-Hoc|iPhone.Build.0 = Ad-Hoc|iPhone
		{5252A637-CCFB-4ED2-A51D-975DE68E133F}.Ad-Hoc|iPhoneSimulator.ActiveCfg = Ad-Hoc|iPhoneSimulator
		{5252A637-CCFB-4ED2-A51D-975DE68E133F}.Ad-Hoc|iPhoneSimulator.Build.0 = Ad-Hoc|iPhoneSimulator
		{5252A637-CCFB-4ED2-A51D-975DE68E133F}.Ad-Hoc|x64.ActiveCfg = Ad-Hoc|iPhone
		{5252A637-CCFB-4ED2-A51D-975DE68E133F}.Ad-Hoc|x86.ActiveCfg = Ad-Hoc|iPhone
		{5252A637-CCFB-4ED2-A51D-975DE68E133F}.AppStore|Any CPU.ActiveCfg = AppStore|iPhoneSimulator
		{5252A637-CCFB-4ED2-A51D-975DE68E133F}.AppStore|ARM.ActiveCfg = AppStore|iPhone
		{5252A637-CCFB-4ED2-A51D-975DE68E133F}.AppStore|iPhone.ActiveCfg = AppStore|iPhone
		{5252A637-CCFB-4ED2-A51D-975DE68E133F}.AppStore|iPhone.Build.0 = AppStore|iPhone
		{5252A637-CCFB-4ED2-A51D-975DE68E133F}.AppStore|iPhoneSimulator.ActiveCfg = AppStore|iPhoneSimulator
		{5252A637-CCFB-4ED2-A51D-975DE68E133F}.AppStore|iPhoneSimulator.Build.0 = AppStore|iPhoneSimulator
		{5252A637-CCFB-4ED2-A51D-975DE68E133F}.AppStore|x64.ActiveCfg = AppStore|iPhone
		{5252A637-CCFB-4ED2-A51D-975DE68E133F}.AppStore|x86.ActiveCfg = AppStore|iPhone
		{5252A637-CCFB-4ED2-A51D-975DE68E133F}.Debug|Any CPU.ActiveCfg = Debug|iPhoneSimulator
		{5252A637-CCFB-4ED2-A51D-975DE68E133F}.Debug|ARM.ActiveCfg = Debug|iPhone
		{5252A637-CCFB-4ED2-A51D-975DE68E133F}.Debug|iPhone.ActiveCfg = Debug|iPhone
		{5252A637-CCFB-4ED2-A51D-975DE68E133F}.Debug|iPhone.Build.0 = Debug|iPhone
		{5252A637-CCFB-4ED2-A51D-975DE68E133F}.Debug|iPhoneSimulator.ActiveCfg = Debug|iPhoneSimulator
		{5252A637-CCFB-4ED2-A51D-975DE68E133F}.Debug|iPhoneSimulator.Build.0 = Debug|iPhoneSimulator
		{5252A637-CCFB-4ED2-A51D-975DE68E133F}.Debug|x64.ActiveCfg = Debug|iPhone
		{5252A637-CCFB-4ED2-A51D-975DE68E133F}.Debug|x86.ActiveCfg = Debug|iPhone
		{5252A637-CCFB-4ED2-A51D-975DE68E133F}.Release|Any CPU.ActiveCfg = Release|iPhoneSimulator
		{5252A637-CCFB-4ED2-A51D-975DE68E133F}.Release|ARM.ActiveCfg = Release|iPhone
		{5252A637-CCFB-4ED2-A51D-975DE68E133F}.Release|iPhone.ActiveCfg = Release|iPhone
		{5252A637-CCFB-4ED2-A51D-975DE68E133F}.Release|iPhone.Build.0 = Release|iPhone
		{5252A637-CCFB-4ED2-A51D-975DE68E133F}.Release|iPhoneSimulator.ActiveCfg = Release|iPhoneSimulator
		{5252A637-CCFB-4ED2-A51D-975DE68E133F}.Release|iPhoneSimulator.Build.0 = Release|iPhoneSimulator
		{5252A637-CCFB-4ED2-A51D-975DE68E133F}.Release|x64.ActiveCfg = Release|iPhone
		{5252A637-CCFB-4ED2-A51D-975DE68E133F}.Release|x86.ActiveCfg = Release|iPhone
	EndGlobalSection
	GlobalSection(SolutionProperties) = preSolution
		HideSolutionNode = FALSE
	EndGlobalSection
	GlobalSection(ExtensibilityGlobals) = postSolution
		SolutionGuid = {08C408C2-16D1-4200-8325-9330B20B6BCA}
	EndGlobalSection
EndGlobal
